<?xml version="1.0" encoding="utf-8"?>
<Project ToolsVersion="4.0" xmlns="http://schemas.microsoft.com/developer/msbuild/2003">
  <ItemGroup>
    <Filter Include="Git">
      <UniqueIdentifier>{a7a593ed-1d3e-4bd2-a802-920dbb5fdadb}</UniqueIdentifier>
    </Filter>
    <Filter Include="Resources">
      <UniqueIdentifier>{67DA6AB6-F800-4c08-8B7A-83BB121AAD01}</UniqueIdentifier>
      <Extensions>rc;ico;cur;bmp;dlg;rc2;rct;bin;rgs;gif;jpg;jpeg;jpe;resx;tiff;tif;png;wav;mfcribbon-ms</Extensions>
    </Filter>
    <Filter Include="Sources">
      <UniqueIdentifier>{4FC737F1-C7A5-4376-A066-2A32D752A2FF}</UniqueIdentifier>
      <Extensions>cpp;c;cc;cxx;c++;cppm;ixx;def;odl;idl;hpj;bat;asm;asmx</Extensions>
    </Filter>
    <Filter Include="Sources\Enums">
      <UniqueIdentifier>{8824abd6-d825-430f-92a2-1adebca49e22}</UniqueIdentifier>
    </Filter>
    <Filter Include="Sources\Entry">
      <UniqueIdentifier>{085c36a7-6e21-4678-ad8a-b1e4368b9000}</UniqueIdentifier>
    </Filter>
    <Filter Include="Sources\Deserializer">
      <UniqueIdentifier>{273ecb81-36f2-48d6-9b4b-0d733fe8ce09}</UniqueIdentifier>
    </Filter>
    <Filter Include="Sources\Serializer">
      <UniqueIdentifier>{2803a666-5460-48f7-afdd-71aa041637eb}</UniqueIdentifier>
    </Filter>
    <Filter Include="Sources\Project">
      <UniqueIdentifier>{495b4bf5-8157-4b48-bb8d-c755da98758c}</UniqueIdentifier>
    </Filter>
    <Filter Include="Sources\Table">
      <UniqueIdentifier>{82722a16-41f6-446b-9a43-f1b550ae84d3}</UniqueIdentifier>
    </Filter>
  </ItemGroup>
  <ItemGroup>
    <ClInclude Include="src\inkwellEnums.h">
      <Filter>Sources\Enums</Filter>
    </ClInclude>
    <ClInclude Include="src\inkwellEntry.h">
      <Filter>Sources\Entry</Filter>
    </ClInclude>
    <ClInclude Include="src\inkwellTable.h">
      <Filter>Sources\Table</Filter>
    </ClInclude>
    <ClInclude Include="src\inkwellProject.h">
      <Filter>Sources\Project</Filter>
    </ClInclude>
    <ClInclude Include="src\inkwell.h" />
    <ClInclude Include="src\inkwellScope.h" />
    <ClInclude Include="src\inkwell.hpp" />
    <ClInclude Include="src\inkwell\inkwellEntry.hpp" />
    <ClInclude Include="src\inkwell\inkwellEnums.hpp" />
    <ClInclude Include="src\inkwell\inkwellProject.hpp" />
    <ClInclude Include="src\inkwell\inkwellScope.hpp" />
    <ClInclude Include="src\inkwell\inkwellTable.hpp" />
    <ClInclude Include="src\nlohmann\json.hpp" />
    <ClInclude Include="src\include\inkwell\inkwellEntry.hpp" />
    <ClInclude Include="src\include\inkwell\inkwellEnums.hpp" />
    <ClInclude Include="src\include\inkwell\inkwellProject.hpp" />
    <ClInclude Include="src\include\inkwell\inkwellScope.hpp" />
    <ClInclude Include="src\include\inkwell\inkwellTable.hpp" />
    <ClInclude Include="src\include\nlohmann\json.hpp" />
    <ClInclude Include="src\include\inkwell.hpp" />
  </ItemGroup>
  <ItemGroup>
    <None Include="git\.gitattributes">
      <Filter>Git</Filter>
    </None>
    <None Include="git\.gitignore">
      <Filter>Git</Filter>
    </None>
    <None Include="git\README.md">
      <Filter>Git</Filter>
    </None>
    <None Include="res\sample.json">
      <Filter>Resources</Filter>
    </None>
    <None Include=".gitattributes" />
    <None Include=".gitignore" />
    <None Include="README.md" />
  </ItemGroup>
</Project>